
Microsoft Visual Studio Solution File, Format Version 12.00
# Visual Studio Version 17
VisualStudioVersion = 17.12.35527.113 d17.12
MinimumVisualStudioVersion = 10.0.40219.1
Project("{FAE04EC0-301F-11D3-BF4B-00C04F79EFBC}") = "IKEA.PL", "IKEA.PL\IKEA.PL.csproj", "{B050171B-BA06-4540-882B-6833F93D9160}"
EndProject
Global
	GlobalSection(SolutionConfigurationPlatforms) = preSolution
		Debug|Any CPU = Debug|Any CPU
		Release|Any CPU = Release|Any CPU
	EndGlobalSection
	GlobalSection(ProjectConfigurationPlatforms) = postSolution
		{B050171B-BA06-4540-882B-6833F93D9160}.Debug|Any CPU.ActiveCfg = Debug|Any CPU
		{B050171B-BA06-4540-882B-6833F93D9160}.Debug|Any CPU.Build.0 = Debug|Any CPU
		{B050171B-BA06-4540-882B-6833F93D9160}.Release|Any CPU.ActiveCfg = Release|Any CPU
		{B050171B-BA06-4540-882B-6833F93D9160}.Release|Any CPU.Build.0 = Release|Any CPU
	EndGlobalSection
	GlobalSection(SolutionProperties) = preSolution
		HideSolutionNode = FALSE
	EndGlobalSection
EndGlobal
